// !$*UTF8*$!
{
	archiveVersion = 1;
	classes = {
	};
	objectVersion = 56;
	objects = {

/* Begin PBXBuildFile section */
		1D6DC19D2B0A5032007F8287 /* AppDelegate.swift in Sources */ = {isa = PBXBuildFile; fileRef = 1D6DC19C2B0A5032007F8287 /* AppDelegate.swift */; };
		1D6DC19F2B0A5032007F8287 /* SceneDelegate.swift in Sources */ = {isa = PBXBuildFile; fileRef = 1D6DC19E2B0A5032007F8287 /* SceneDelegate.swift */; };
		1D6DC1A62B0A5035007F8287 /* Assets.xcassets in Resources */ = {isa = PBXBuildFile; fileRef = 1D6DC1A52B0A5035007F8287 /* Assets.xcassets */; };
		1D6DC1A92B0A5035007F8287 /* LaunchScreen.storyboard in Resources */ = {isa = PBXBuildFile; fileRef = 1D6DC1A72B0A5035007F8287 /* LaunchScreen.storyboard */; };
		1D6DC1B42B0A5035007F8287 /* DSA_AlgorithmsTests.swift in Sources */ = {isa = PBXBuildFile; fileRef = 1D6DC1B32B0A5035007F8287 /* DSA_AlgorithmsTests.swift */; };
		1D6DC1BE2B0A5035007F8287 /* DSA_AlgorithmsUITests.swift in Sources */ = {isa = PBXBuildFile; fileRef = 1D6DC1BD2B0A5035007F8287 /* DSA_AlgorithmsUITests.swift */; };
		1D6DC1C02B0A5035007F8287 /* DSA_AlgorithmsUITestsLaunchTests.swift in Sources */ = {isa = PBXBuildFile; fileRef = 1D6DC1BF2B0A5035007F8287 /* DSA_AlgorithmsUITestsLaunchTests.swift */; };
		1D6DC1D12B0A513B007F8287 /* LinkedList.swift in Sources */ = {isa = PBXBuildFile; fileRef = 1D6DC1CF2B0A513B007F8287 /* LinkedList.swift */; };
		1D6DC1D22B0A513B007F8287 /* LinkedList.xib in Resources */ = {isa = PBXBuildFile; fileRef = 1D6DC1D02B0A513B007F8287 /* LinkedList.xib */; };
		1D6DC1D62B0A5193007F8287 /* ListOfAlgo.swift in Sources */ = {isa = PBXBuildFile; fileRef = 1D6DC1D42B0A5193007F8287 /* ListOfAlgo.swift */; };
		1D6DC1D72B0A5194007F8287 /* ListOfAlgo.xib in Resources */ = {isa = PBXBuildFile; fileRef = 1D6DC1D52B0A5193007F8287 /* ListOfAlgo.xib */; };
		1D6DC1DB2B0A5575007F8287 /* AlgoCell.swift in Sources */ = {isa = PBXBuildFile; fileRef = 1D6DC1D92B0A5575007F8287 /* AlgoCell.swift */; };
		1D6DC1DC2B0A5575007F8287 /* AlgoCell.xib in Resources */ = {isa = PBXBuildFile; fileRef = 1D6DC1DA2B0A5575007F8287 /* AlgoCell.xib */; };
		1D6DC1DF2B0A577F007F8287 /* ListOfAlgoModel.swift in Sources */ = {isa = PBXBuildFile; fileRef = 1D6DC1DE2B0A577F007F8287 /* ListOfAlgoModel.swift */; };
		1D6DC1E32B0A57EC007F8287 /* ListOfAlgoViewModel.swift in Sources */ = {isa = PBXBuildFile; fileRef = 1D6DC1E22B0A57EC007F8287 /* ListOfAlgoViewModel.swift */; };
/* End PBXBuildFile section */

/* Begin PBXContainerItemProxy section */
		1D6DC1B02B0A5035007F8287 /* PBXContainerItemProxy */ = {
			isa = PBXContainerItemProxy;
			containerPortal = 1D6DC1912B0A5032007F8287 /* Project object */;
			proxyType = 1;
			remoteGlobalIDString = 1D6DC1982B0A5032007F8287;
			remoteInfo = DSA_Algorithms;
		};
		1D6DC1BA2B0A5035007F8287 /* PBXContainerItemProxy */ = {
			isa = PBXContainerItemProxy;
			containerPortal = 1D6DC1912B0A5032007F8287 /* Project object */;
			proxyType = 1;
			remoteGlobalIDString = 1D6DC1982B0A5032007F8287;
			remoteInfo = DSA_Algorithms;
		};
/* End PBXContainerItemProxy section */

/* Begin PBXFileReference section */
		1D6DC1992B0A5032007F8287 /* DSA_Algorithms.app */ = {isa = PBXFileReference; explicitFileType = wrapper.application; includeInIndex = 0; path = DSA_Algorithms.app; sourceTree = BUILT_PRODUCTS_DIR; };
		1D6DC19C2B0A5032007F8287 /* AppDelegate.swift */ = {isa = PBXFileReference; lastKnownFileType = sourcecode.swift; path = AppDelegate.swift; sourceTree = "<group>"; };
		1D6DC19E2B0A5032007F8287 /* SceneDelegate.swift */ = {isa = PBXFileReference; lastKnownFileType = sourcecode.swift; path = SceneDelegate.swift; sourceTree = "<group>"; };
		1D6DC1A52B0A5035007F8287 /* Assets.xcassets */ = {isa = PBXFileReference; lastKnownFileType = folder.assetcatalog; path = Assets.xcassets; sourceTree = "<group>"; };
		1D6DC1A82B0A5035007F8287 /* Base */ = {isa = PBXFileReference; lastKnownFileType = file.storyboard; name = Base; path = Base.lproj/LaunchScreen.storyboard; sourceTree = "<group>"; };
		1D6DC1AA2B0A5035007F8287 /* Info.plist */ = {isa = PBXFileReference; lastKnownFileType = text.plist.xml; path = Info.plist; sourceTree = "<group>"; };
		1D6DC1AF2B0A5035007F8287 /* DSA_AlgorithmsTests.xctest */ = {isa = PBXFileReference; explicitFileType = wrapper.cfbundle; includeInIndex = 0; path = DSA_AlgorithmsTests.xctest; sourceTree = BUILT_PRODUCTS_DIR; };
		1D6DC1B32B0A5035007F8287 /* DSA_AlgorithmsTests.swift */ = {isa = PBXFileReference; lastKnownFileType = sourcecode.swift; path = DSA_AlgorithmsTests.swift; sourceTree = "<group>"; };
		1D6DC1B92B0A5035007F8287 /* DSA_AlgorithmsUITests.xctest */ = {isa = PBXFileReference; explicitFileType = wrapper.cfbundle; includeInIndex = 0; path = DSA_AlgorithmsUITests.xctest; sourceTree = BUILT_PRODUCTS_DIR; };
		1D6DC1BD2B0A5035007F8287 /* DSA_AlgorithmsUITests.swift */ = {isa = PBXFileReference; lastKnownFileType = sourcecode.swift; path = DSA_AlgorithmsUITests.swift; sourceTree = "<group>"; };
		1D6DC1BF2B0A5035007F8287 /* DSA_AlgorithmsUITestsLaunchTests.swift */ = {isa = PBXFileReference; lastKnownFileType = sourcecode.swift; path = DSA_AlgorithmsUITestsLaunchTests.swift; sourceTree = "<group>"; };
		1D6DC1CF2B0A513B007F8287 /* LinkedList.swift */ = {isa = PBXFileReference; lastKnownFileType = sourcecode.swift; path = LinkedList.swift; sourceTree = "<group>"; };
		1D6DC1D02B0A513B007F8287 /* LinkedList.xib */ = {isa = PBXFileReference; lastKnownFileType = file.xib; path = LinkedList.xib; sourceTree = "<group>"; };
		1D6DC1D42B0A5193007F8287 /* ListOfAlgo.swift */ = {isa = PBXFileReference; lastKnownFileType = sourcecode.swift; path = ListOfAlgo.swift; sourceTree = "<group>"; };
		1D6DC1D52B0A5193007F8287 /* ListOfAlgo.xib */ = {isa = PBXFileReference; lastKnownFileType = file.xib; path = ListOfAlgo.xib; sourceTree = "<group>"; };
		1D6DC1D92B0A5575007F8287 /* AlgoCell.swift */ = {isa = PBXFileReference; lastKnownFileType = sourcecode.swift; path = AlgoCell.swift; sourceTree = "<group>"; };
		1D6DC1DA2B0A5575007F8287 /* AlgoCell.xib */ = {isa = PBXFileReference; lastKnownFileType = file.xib; path = AlgoCell.xib; sourceTree = "<group>"; };
		1D6DC1DE2B0A577F007F8287 /* ListOfAlgoModel.swift */ = {isa = PBXFileReference; lastKnownFileType = sourcecode.swift; path = ListOfAlgoModel.swift; sourceTree = "<group>"; };
		1D6DC1E22B0A57EC007F8287 /* ListOfAlgoViewModel.swift */ = {isa = PBXFileReference; lastKnownFileType = sourcecode.swift; path = ListOfAlgoViewModel.swift; sourceTree = "<group>"; };
/* End PBXFileReference section */

/* Begin PBXFrameworksBuildPhase section */
		1D6DC1962B0A5032007F8287 /* Frameworks */ = {
			isa = PBXFrameworksBuildPhase;
			buildActionMask = 2147483647;
			files = (
			);
			runOnlyForDeploymentPostprocessing = 0;
		};
		1D6DC1AC2B0A5035007F8287 /* Frameworks */ = {
			isa = PBXFrameworksBuildPhase;
			buildActionMask = 2147483647;
			files = (
			);
			runOnlyForDeploymentPostprocessing = 0;
		};
		1D6DC1B62B0A5035007F8287 /* Frameworks */ = {
			isa = PBXFrameworksBuildPhase;
			buildActionMask = 2147483647;
			files = (
			);
			runOnlyForDeploymentPostprocessing = 0;
		};
/* End PBXFrameworksBuildPhase section */

/* Begin PBXGroup section */
		1D6DC1902B0A5032007F8287 = {
			isa = PBXGroup;
			children = (
				1D6DC19B2B0A5032007F8287 /* DSA_Algorithms */,
				1D6DC1B22B0A5035007F8287 /* DSA_AlgorithmsTests */,
				1D6DC1BC2B0A5035007F8287 /* DSA_AlgorithmsUITests */,
				1D6DC19A2B0A5032007F8287 /* Products */,
			);
			sourceTree = "<group>";
		};
		1D6DC19A2B0A5032007F8287 /* Products */ = {
			isa = PBXGroup;
			children = (
				1D6DC1992B0A5032007F8287 /* DSA_Algorithms.app */,
				1D6DC1AF2B0A5035007F8287 /* DSA_AlgorithmsTests.xctest */,
				1D6DC1B92B0A5035007F8287 /* DSA_AlgorithmsUITests.xctest */,
			);
			name = Products;
			sourceTree = "<group>";
		};
		1D6DC19B2B0A5032007F8287 /* DSA_Algorithms */ = {
			isa = PBXGroup;
			children = (
				1D6DC1CD2B0A5104007F8287 /* Algorithms */,
				1D6DC1CC2B0A50D3007F8287 /* Application */,
				1D6DC1AA2B0A5035007F8287 /* Info.plist */,
			);
			path = DSA_Algorithms;
			sourceTree = "<group>";
		};
		1D6DC1B22B0A5035007F8287 /* DSA_AlgorithmsTests */ = {
			isa = PBXGroup;
			children = (
				1D6DC1B32B0A5035007F8287 /* DSA_AlgorithmsTests.swift */,
			);
			path = DSA_AlgorithmsTests;
			sourceTree = "<group>";
		};
		1D6DC1BC2B0A5035007F8287 /* DSA_AlgorithmsUITests */ = {
			isa = PBXGroup;
			children = (
				1D6DC1BD2B0A5035007F8287 /* DSA_AlgorithmsUITests.swift */,
				1D6DC1BF2B0A5035007F8287 /* DSA_AlgorithmsUITestsLaunchTests.swift */,
			);
			path = DSA_AlgorithmsUITests;
			sourceTree = "<group>";
		};
		1D6DC1CC2B0A50D3007F8287 /* Application */ = {
			isa = PBXGroup;
			children = (
				1D6DC19C2B0A5032007F8287 /* AppDelegate.swift */,
				1D6DC19E2B0A5032007F8287 /* SceneDelegate.swift */,
				1D6DC1A52B0A5035007F8287 /* Assets.xcassets */,
				1D6DC1A72B0A5035007F8287 /* LaunchScreen.storyboard */,
			);
			path = Application;
			sourceTree = "<group>";
		};
		1D6DC1CD2B0A5104007F8287 /* Algorithms */ = {
			isa = PBXGroup;
			children = (
				1D6DC1CE2B0A5118007F8287 /* LinkedList */,
				1D6DC1D32B0A5156007F8287 /* List Of Algorithms */,
			);
			path = Algorithms;
			sourceTree = "<group>";
		};
		1D6DC1CE2B0A5118007F8287 /* LinkedList */ = {
			isa = PBXGroup;
			children = (
				1D6DC1CF2B0A513B007F8287 /* LinkedList.swift */,
				1D6DC1D02B0A513B007F8287 /* LinkedList.xib */,
			);
			path = LinkedList;
			sourceTree = "<group>";
		};
		1D6DC1D32B0A5156007F8287 /* List Of Algorithms */ = {
			isa = PBXGroup;
			children = (
				1D6DC1DD2B0A5767007F8287 /* Model */,
				1D6DC1E12B0A57C4007F8287 /* View */,
				1D6DC1E02B0A57B4007F8287 /* ViewModel */,
			);
			path = "List Of Algorithms";
			sourceTree = "<group>";
		};
		1D6DC1D82B0A554D007F8287 /* Cell */ = {
			isa = PBXGroup;
			children = (
				1D6DC1D92B0A5575007F8287 /* AlgoCell.swift */,
				1D6DC1DA2B0A5575007F8287 /* AlgoCell.xib */,
			);
			path = Cell;
			sourceTree = "<group>";
		};
		1D6DC1DD2B0A5767007F8287 /* Model */ = {
			isa = PBXGroup;
			children = (
				1D6DC1DE2B0A577F007F8287 /* ListOfAlgoModel.swift */,
			);
			path = Model;
			sourceTree = "<group>";
		};
		1D6DC1E02B0A57B4007F8287 /* ViewModel */ = {
			isa = PBXGroup;
			children = (
				1D6DC1E22B0A57EC007F8287 /* ListOfAlgoViewModel.swift */,
			);
			path = ViewModel;
			sourceTree = "<group>";
		};
		1D6DC1E12B0A57C4007F8287 /* View */ = {
			isa = PBXGroup;
			children = (
				1D6DC1D82B0A554D007F8287 /* Cell */,
				1D6DC1D42B0A5193007F8287 /* ListOfAlgo.swift */,
				1D6DC1D52B0A5193007F8287 /* ListOfAlgo.xib */,
			);
			path = View;
			sourceTree = "<group>";
		};
/* End PBXGroup section */

/* Begin PBXNativeTarget section */
		1D6DC1982B0A5032007F8287 /* DSA_Algorithms */ = {
			isa = PBXNativeTarget;
			buildConfigurationList = 1D6DC1C32B0A5035007F8287 /* Build configuration list for PBXNativeTarget "DSA_Algorithms" */;
			buildPhases = (
				1D6DC1952B0A5032007F8287 /* Sources */,
				1D6DC1962B0A5032007F8287 /* Frameworks */,
				1D6DC1972B0A5032007F8287 /* Resources */,
			);
			buildRules = (
			);
			dependencies = (
			);
			name = DSA_Algorithms;
			productName = DSA_Algorithms;
			productReference = 1D6DC1992B0A5032007F8287 /* DSA_Algorithms.app */;
			productType = "com.apple.product-type.application";
		};
		1D6DC1AE2B0A5035007F8287 /* DSA_AlgorithmsTests */ = {
			isa = PBXNativeTarget;
			buildConfigurationList = 1D6DC1C62B0A5035007F8287 /* Build configuration list for PBXNativeTarget "DSA_AlgorithmsTests" */;
			buildPhases = (
				1D6DC1AB2B0A5035007F8287 /* Sources */,
				1D6DC1AC2B0A5035007F8287 /* Frameworks */,
				1D6DC1AD2B0A5035007F8287 /* Resources */,
			);
			buildRules = (
			);
			dependencies = (
				1D6DC1B12B0A5035007F8287 /* PBXTargetDependency */,
			);
			name = DSA_AlgorithmsTests;
			productName = DSA_AlgorithmsTests;
			productReference = 1D6DC1AF2B0A5035007F8287 /* DSA_AlgorithmsTests.xctest */;
			productType = "com.apple.product-type.bundle.unit-test";
		};
		1D6DC1B82B0A5035007F8287 /* DSA_AlgorithmsUITests */ = {
			isa = PBXNativeTarget;
			buildConfigurationList = 1D6DC1C92B0A5035007F8287 /* Build configuration list for PBXNativeTarget "DSA_AlgorithmsUITests" */;
			buildPhases = (
				1D6DC1B52B0A5035007F8287 /* Sources */,
				1D6DC1B62B0A5035007F8287 /* Frameworks */,
				1D6DC1B72B0A5035007F8287 /* Resources */,
			);
			buildRules = (
			);
			dependencies = (
				1D6DC1BB2B0A5035007F8287 /* PBXTargetDependency */,
			);
			name = DSA_AlgorithmsUITests;
			productName = DSA_AlgorithmsUITests;
			productReference = 1D6DC1B92B0A5035007F8287 /* DSA_AlgorithmsUITests.xctest */;
			productType = "com.apple.product-type.bundle.ui-testing";
		};
/* End PBXNativeTarget section */

/* Begin PBXProject section */
		1D6DC1912B0A5032007F8287 /* Project object */ = {
			isa = PBXProject;
			attributes = {
				BuildIndependentTargetsInParallel = 1;
				LastSwiftUpdateCheck = 1420;
				LastUpgradeCheck = 1420;
				TargetAttributes = {
					1D6DC1982B0A5032007F8287 = {
						CreatedOnToolsVersion = 14.2;
					};
					1D6DC1AE2B0A5035007F8287 = {
						CreatedOnToolsVersion = 14.2;
						TestTargetID = 1D6DC1982B0A5032007F8287;
					};
					1D6DC1B82B0A5035007F8287 = {
						CreatedOnToolsVersion = 14.2;
						TestTargetID = 1D6DC1982B0A5032007F8287;
					};
				};
			};
			buildConfigurationList = 1D6DC1942B0A5032007F8287 /* Build configuration list for PBXProject "DSA_Algorithms" */;
			compatibilityVersion = "Xcode 14.0";
			developmentRegion = en;
			hasScannedForEncodings = 0;
			knownRegions = (
				en,
				Base,
			);
			mainGroup = 1D6DC1902B0A5032007F8287;
			productRefGroup = 1D6DC19A2B0A5032007F8287 /* Products */;
			projectDirPath = "";
			projectRoot = "";
			targets = (
				1D6DC1982B0A5032007F8287 /* DSA_Algorithms */,
				1D6DC1AE2B0A5035007F8287 /* DSA_AlgorithmsTests */,
				1D6DC1B82B0A5035007F8287 /* DSA_AlgorithmsUITests */,
			);
		};
/* End PBXProject section */

/* Begin PBXResourcesBuildPhase section */
		1D6DC1972B0A5032007F8287 /* Resources */ = {
			isa = PBXResourcesBuildPhase;
			buildActionMask = 2147483647;
			files = (
				1D6DC1DC2B0A5575007F8287 /* AlgoCell.xib in Resources */,
				1D6DC1A92B0A5035007F8287 /* LaunchScreen.storyboard in Resources */,
				1D6DC1A62B0A5035007F8287 /* Assets.xcassets in Resources */,
				1D6DC1D22B0A513B007F8287 /* LinkedList.xib in Resources */,
				1D6DC1D72B0A5194007F8287 /* ListOfAlgo.xib in Resources */,
			);
			runOnlyForDeploymentPostprocessing = 0;
		};
		1D6DC1AD2B0A5035007F8287 /* Resources */ = {
			isa = PBXResourcesBuildPhase;
			buildActionMask = 2147483647;
			files = (
			);
			runOnlyForDeploymentPostprocessing = 0;
		};
		1D6DC1B72B0A5035007F8287 /* Resources */ = {
			isa = PBXResourcesBuildPhase;
			buildActionMask = 2147483647;
			files = (
			);
			runOnlyForDeploymentPostprocessing = 0;
		};
/* End PBXResourcesBuildPhase section */

/* Begin PBXSourcesBuildPhase section */
		1D6DC1952B0A5032007F8287 /* Sources */ = {
			isa = PBXSourcesBuildPhase;
			buildActionMask = 2147483647;
			files = (
				1D6DC1D12B0A513B007F8287 /* LinkedList.swift in Sources */,
				1D6DC1DB2B0A5575007F8287 /* AlgoCell.swift in Sources */,
				1D6DC1E32B0A57EC007F8287 /* ListOfAlgoViewModel.swift in Sources */,
				1D6DC19D2B0A5032007F8287 /* AppDelegate.swift in Sources */,
				1D6DC19F2B0A5032007F8287 /* SceneDelegate.swift in Sources */,
				1D6DC1D62B0A5193007F8287 /* ListOfAlgo.swift in Sources */,
				1D6DC1DF2B0A577F007F8287 /* ListOfAlgoModel.swift in Sources */,
			);
			runOnlyForDeploymentPostprocessing = 0;
		};
		1D6DC1AB2B0A5035007F8287 /* Sources */ = {
			isa = PBXSourcesBuildPhase;
			buildActionMask = 2147483647;
			files = (
				1D6DC1B42B0A5035007F8287 /* DSA_AlgorithmsTests.swift in Sources */,
			);
			runOnlyForDeploymentPostprocessing = 0;
		};
		1D6DC1B52B0A5035007F8287 /* Sources */ = {
			isa = PBXSourcesBuildPhase;
			buildActionMask = 2147483647;
			files = (
				1D6DC1BE2B0A5035007F8287 /* DSA_AlgorithmsUITests.swift in Sources */,
				1D6DC1C02B0A5035007F8287 /* DSA_AlgorithmsUITestsLaunchTests.swift in Sources */,
			);
			runOnlyForDeploymentPostprocessing = 0;
		};
/* End PBXSourcesBuildPhase section */

/* Begin PBXTargetDependency section */
		1D6DC1B12B0A5035007F8287 /* PBXTargetDependency */ = {
			isa = PBXTargetDependency;
			target = 1D6DC1982B0A5032007F8287 /* DSA_Algorithms */;
			targetProxy = 1D6DC1B02B0A5035007F8287 /* PBXContainerItemProxy */;
		};
		1D6DC1BB2B0A5035007F8287 /* PBXTargetDependency */ = {
			isa = PBXTargetDependency;
			target = 1D6DC1982B0A5032007F8287 /* DSA_Algorithms */;
			targetProxy = 1D6DC1BA2B0A5035007F8287 /* PBXContainerItemProxy */;
		};
/* End PBXTargetDependency section */

/* Begin PBXVariantGroup section */
		1D6DC1A72B0A5035007F8287 /* LaunchScreen.storyboard */ = {
			isa = PBXVariantGroup;
			children = (
				1D6DC1A82B0A5035007F8287 /* Base */,
			);
			name = LaunchScreen.storyboard;
			sourceTree = "<group>";
		};
/* End PBXVariantGroup section */

/* Begin XCBuildConfiguration section */
		1D6DC1C12B0A5035007F8287 /* Debug */ = {
			isa = XCBuildConfiguration;
			buildSettings = {
				ALWAYS_SEARCH_USER_PATHS = NO;
				CLANG_ANALYZER_NONNULL = YES;
				CLANG_ANALYZER_NUMBER_OBJECT_CONVERSION = YES_AGGRESSIVE;
				CLANG_CXX_LANGUAGE_STANDARD = "gnu++20";
				CLANG_ENABLE_MODULES = YES;
				CLANG_ENABLE_OBJC_ARC = YES;
				CLANG_ENABLE_OBJC_WEAK = YES;
				CLANG_WARN_BLOCK_CAPTURE_AUTORELEASING = YES;
				CLANG_WARN_BOOL_CONVERSION = YES;
				CLANG_WARN_COMMA = YES;
				CLANG_WARN_CONSTANT_CONVERSION = YES;
				CLANG_WARN_DEPRECATED_OBJC_IMPLEMENTATIONS = YES;
				CLANG_WARN_DIRECT_OBJC_ISA_USAGE = YES_ERROR;
				CLANG_WARN_DOCUMENTATION_COMMENTS = YES;
				CLANG_WARN_EMPTY_BODY = YES;
				CLANG_WARN_ENUM_CONVERSION = YES;
				CLANG_WARN_INFINITE_RECURSION = YES;
				CLANG_WARN_INT_CONVERSION = YES;
				CLANG_WARN_NON_LITERAL_NULL_CONVERSION = YES;
				CLANG_WARN_OBJC_IMPLICIT_RETAIN_SELF = YES;
				CLANG_WARN_OBJC_LITERAL_CONVERSION = YES;
				CLANG_WARN_OBJC_ROOT_CLASS = YES_ERROR;
				CLANG_WARN_QUOTED_INCLUDE_IN_FRAMEWORK_HEADER = YES;
				CLANG_WARN_RANGE_LOOP_ANALYSIS = YES;
				CLANG_WARN_STRICT_PROTOTYPES = YES;
				CLANG_WARN_SUSPICIOUS_MOVE = YES;
				CLANG_WARN_UNGUARDED_AVAILABILITY = YES_AGGRESSIVE;
				CLANG_WARN_UNREACHABLE_CODE = YES;
				CLANG_WARN__DUPLICATE_METHOD_MATCH = YES;
				COPY_PHASE_STRIP = NO;
				DEBUG_INFORMATION_FORMAT = dwarf;
				ENABLE_STRICT_OBJC_MSGSEND = YES;
				ENABLE_TESTABILITY = YES;
				GCC_C_LANGUAGE_STANDARD = gnu11;
				GCC_DYNAMIC_NO_PIC = NO;
				GCC_NO_COMMON_BLOCKS = YES;
				GCC_OPTIMIZATION_LEVEL = 0;
				GCC_PREPROCESSOR_DEFINITIONS = (
					"DEBUG=1",
					"$(inherited)",
				);
				GCC_WARN_64_TO_32_BIT_CONVERSION = YES;
				GCC_WARN_ABOUT_RETURN_TYPE = YES_ERROR;
				GCC_WARN_UNDECLARED_SELECTOR = YES;
				GCC_WARN_UNINITIALIZED_AUTOS = YES_AGGRESSIVE;
				GCC_WARN_UNUSED_FUNCTION = YES;
				GCC_WARN_UNUSED_VARIABLE = YES;
				IPHONEOS_DEPLOYMENT_TARGET = 16.2;
				MTL_ENABLE_DEBUG_INFO = INCLUDE_SOURCE;
				MTL_FAST_MATH = YES;
				ONLY_ACTIVE_ARCH = YES;
				SDKROOT = iphoneos;
				SWIFT_ACTIVE_COMPILATION_CONDITIONS = DEBUG;
				SWIFT_OPTIMIZATION_LEVEL = "-Onone";
			};
			name = Debug;
		};
		1D6DC1C22B0A5035007F8287 /* Release */ = {
			isa = XCBuildConfiguration;
			buildSettings = {
				ALWAYS_SEARCH_USER_PATHS = NO;
				CLANG_ANALYZER_NONNULL = YES;
				CLANG_ANALYZER_NUMBER_OBJECT_CONVERSION = YES_AGGRESSIVE;
				CLANG_CXX_LANGUAGE_STANDARD = "gnu++20";
				CLANG_ENABLE_MODULES = YES;
				CLANG_ENABLE_OBJC_ARC = YES;
				CLANG_ENABLE_OBJC_WEAK = YES;
				CLANG_WARN_BLOCK_CAPTURE_AUTORELEASING = YES;
				CLANG_WARN_BOOL_CONVERSION = YES;
				CLANG_WARN_COMMA = YES;
				CLANG_WARN_CONSTANT_CONVERSION = YES;
				CLANG_WARN_DEPRECATED_OBJC_IMPLEMENTATIONS = YES;
				CLANG_WARN_DIRECT_OBJC_ISA_USAGE = YES_ERROR;
				CLANG_WARN_DOCUMENTATION_COMMENTS = YES;
				CLANG_WARN_EMPTY_BODY = YES;
				CLANG_WARN_ENUM_CONVERSION = YES;
				CLANG_WARN_INFINITE_RECURSION = YES;
				CLANG_WARN_INT_CONVERSION = YES;
				CLANG_WARN_NON_LITERAL_NULL_CONVERSION = YES;
				CLANG_WARN_OBJC_IMPLICIT_RETAIN_SELF = YES;
				CLANG_WARN_OBJC_LITERAL_CONVERSION = YES;
				CLANG_WARN_OBJC_ROOT_CLASS = YES_ERROR;
				CLANG_WARN_QUOTED_INCLUDE_IN_FRAMEWORK_HEADER = YES;
				CLANG_WARN_RANGE_LOOP_ANALYSIS = YES;
				CLANG_WARN_STRICT_PROTOTYPES = YES;
				CLANG_WARN_SUSPICIOUS_MOVE = YES;
				CLANG_WARN_UNGUARDED_AVAILABILITY = YES_AGGRESSIVE;
				CLANG_WARN_UNREACHABLE_CODE = YES;
				CLANG_WARN__DUPLICATE_METHOD_MATCH = YES;
				COPY_PHASE_STRIP = NO;
				DEBUG_INFORMATION_FORMAT = "dwarf-with-dsym";
				ENABLE_NS_ASSERTIONS = NO;
				ENABLE_STRICT_OBJC_MSGSEND = YES;
				GCC_C_LANGUAGE_STANDARD = gnu11;
				GCC_NO_COMMON_BLOCKS = YES;
				GCC_WARN_64_TO_32_BIT_CONVERSION = YES;
				GCC_WARN_ABOUT_RETURN_TYPE = YES_ERROR;
				GCC_WARN_UNDECLARED_SELECTOR = YES;
				GCC_WARN_UNINITIALIZED_AUTOS = YES_AGGRESSIVE;
				GCC_WARN_UNUSED_FUNCTION = YES;
				GCC_WARN_UNUSED_VARIABLE = YES;
				IPHONEOS_DEPLOYMENT_TARGET = 16.2;
				MTL_ENABLE_DEBUG_INFO = NO;
				MTL_FAST_MATH = YES;
				SDKROOT = iphoneos;
				SWIFT_COMPILATION_MODE = wholemodule;
				SWIFT_OPTIMIZATION_LEVEL = "-O";
				VALIDATE_PRODUCT = YES;
			};
			name = Release;
		};
		1D6DC1C42B0A5035007F8287 /* Debug */ = {
			isa = XCBuildConfiguration;
			buildSettings = {
				ASSETCATALOG_COMPILER_APPICON_NAME = AppIcon;
				ASSETCATALOG_COMPILER_GLOBAL_ACCENT_COLOR_NAME = AccentColor;
				CODE_SIGN_STYLE = Automatic;
				CURRENT_PROJECT_VERSION = 1;
				GENERATE_INFOPLIST_FILE = YES;
				INFOPLIST_FILE = DSA_Algorithms/Info.plist;
				INFOPLIST_KEY_UIApplicationSupportsIndirectInputEvents = YES;
				INFOPLIST_KEY_UILaunchStoryboardName = LaunchScreen;
				INFOPLIST_KEY_UISupportedInterfaceOrientations_iPad = "UIInterfaceOrientationPortrait UIInterfaceOrientationPortraitUpsideDown UIInterfaceOrientationLandscapeLeft UIInterfaceOrientationLandscapeRight";
				INFOPLIST_KEY_UISupportedInterfaceOrientations_iPhone = "UIInterfaceOrientationPortrait UIInterfaceOrientationLandscapeLeft UIInterfaceOrientationLandscapeRight";
				LD_RUNPATH_SEARCH_PATHS = (
					"$(inherited)",
					"@executable_path/Frameworks",
				);
				MARKETING_VERSION = 1.0;
				PRODUCT_BUNDLE_IDENTIFIER = "com.kumele1234.DSA-Algorithms";
				PRODUCT_NAME = "$(TARGET_NAME)";
				SWIFT_EMIT_LOC_STRINGS = YES;
				SWIFT_VERSION = 5.0;
				TARGETED_DEVICE_FAMILY = "1,2";
			};
			name = Debug;
		};
		1D6DC1C52B0A5035007F8287 /* Release */ = {
			isa = XCBuildConfiguration;
			buildSettings = {
				ASSETCATALOG_COMPILER_APPICON_NAME = AppIcon;
				ASSETCATALOG_COMPILER_GLOBAL_ACCENT_COLOR_NAME = AccentColor;
				CODE_SIGN_STYLE = Automatic;
				CURRENT_PROJECT_VERSION = 1;
				GENERATE_INFOPLIST_FILE = YES;
				INFOPLIST_FILE = DSA_Algorithms/Info.plist;
				INFOPLIST_KEY_UIApplicationSupportsIndirectInputEvents = YES;
				INFOPLIST_KEY_UILaunchStoryboardName = LaunchScreen;
				INFOPLIST_KEY_UISupportedInterfaceOrientations_iPad = "UIInterfaceOrientationPortrait UIInterfaceOrientationPortraitUpsideDown UIInterfaceOrientationLandscapeLeft UIInterfaceOrientationLandscapeRight";
				INFOPLIST_KEY_UISupportedInterfaceOrientations_iPhone = "UIInterfaceOrientationPortrait UIInterfaceOrientationLandscapeLeft UIInterfaceOrientationLandscapeRight";
				LD_RUNPATH_SEARCH_PATHS = (
					"$(inherited)",
					"@executable_path/Frameworks",
				);
				MARKETING_VERSION = 1.0;
				PRODUCT_BUNDLE_IDENTIFIER = "com.kumele1234.DSA-Algorithms";
				PRODUCT_NAME = "$(TARGET_NAME)";
				SWIFT_EMIT_LOC_STRINGS = YES;
				SWIFT_VERSION = 5.0;
				TARGETED_DEVICE_FAMILY = "1,2";
			};
			name = Release;
		};
		1D6DC1C72B0A5035007F8287 /* Debug */ = {
			isa = XCBuildConfiguration;
			buildSettings = {
				ALWAYS_EMBED_SWIFT_STANDARD_LIBRARIES = YES;
				BUNDLE_LOADER = "$(TEST_HOST)";
				CODE_SIGN_STYLE = Automatic;
				CURRENT_PROJECT_VERSION = 1;
				GENERATE_INFOPLIST_FILE = YES;
				IPHONEOS_DEPLOYMENT_TARGET = 16.2;
				MARKETING_VERSION = 1.0;
				PRODUCT_BUNDLE_IDENTIFIER = "com.kumele1234.DSA-AlgorithmsTests";
				PRODUCT_NAME = "$(TARGET_NAME)";
				SWIFT_EMIT_LOC_STRINGS = NO;
				SWIFT_VERSION = 5.0;
				TARGETED_DEVICE_FAMILY = "1,2";
				TEST_HOST = "$(BUILT_PRODUCTS_DIR)/DSA_Algorithms.app/$(BUNDLE_EXECUTABLE_FOLDER_PATH)/DSA_Algorithms";
			};
			name = Debug;
		};
		1D6DC1C82B0A5035007F8287 /* Release */ = {
			isa = XCBuildConfiguration;
			buildSettings = {
				ALWAYS_EMBED_SWIFT_STANDARD_LIBRARIES = YES;
				BUNDLE_LOADER = "$(TEST_HOST)";
				CODE_SIGN_STYLE = Automatic;
				CURRENT_PROJECT_VERSION = 1;
				GENERATE_INFOPLIST_FILE = YES;
				IPHONEOS_DEPLOYMENT_TARGET = 16.2;
				MARKETING_VERSION = 1.0;
				PRODUCT_BUNDLE_IDENTIFIER = "com.kumele1234.DSA-AlgorithmsTests";
				PRODUCT_NAME = "$(TARGET_NAME)";
				SWIFT_EMIT_LOC_STRINGS = NO;
				SWIFT_VERSION = 5.0;
				TARGETED_DEVICE_FAMILY = "1,2";
				TEST_HOST = "$(BUILT_PRODUCTS_DIR)/DSA_Algorithms.app/$(BUNDLE_EXECUTABLE_FOLDER_PATH)/DSA_Algorithms";
			};
			name = Release;
		};
		1D6DC1CA2B0A5035007F8287 /* Debug */ = {
			isa = XCBuildConfiguration;
			buildSettings = {
				ALWAYS_EMBED_SWIFT_STANDARD_LIBRARIES = YES;
				CODE_SIGN_STYLE = Automatic;
				CURRENT_PROJECT_VERSION = 1;
				GENERATE_INFOPLIST_FILE = YES;
				MARKETING_VERSION = 1.0;
				PRODUCT_BUNDLE_IDENTIFIER = "com.kumele1234.DSA-AlgorithmsUITests";
				PRODUCT_NAME = "$(TARGET_NAME)";
				SWIFT_EMIT_LOC_STRINGS = NO;
				SWIFT_VERSION = 5.0;
				TARGETED_DEVICE_FAMILY = "1,2";
				TEST_TARGET_NAME = DSA_Algorithms;
			};
			name = Debug;
		};
		1D6DC1CB2B0A5035007F8287 /* Release */ = {
			isa = XCBuildConfiguration;
			buildSettings = {
				ALWAYS_EMBED_SWIFT_STANDARD_LIBRARIES = YES;
				CODE_SIGN_STYLE = Automatic;
				CURRENT_PROJECT_VERSION = 1;
				GENERATE_INFOPLIST_FILE = YES;
				MARKETING_VERSION = 1.0;
				PRODUCT_BUNDLE_IDENTIFIER = "com.kumele1234.DSA-AlgorithmsUITests";
				PRODUCT_NAME = "$(TARGET_NAME)";
				SWIFT_EMIT_LOC_STRINGS = NO;
				SWIFT_VERSION = 5.0;
				TARGETED_DEVICE_FAMILY = "1,2";
				TEST_TARGET_NAME = DSA_Algorithms;
			};
			name = Release;
		};
/* End XCBuildConfiguration section */

/* Begin XCConfigurationList section */
		1D6DC1942B0A5032007F8287 /* Build configuration list for PBXProject "DSA_Algorithms" */ = {
			isa = XCConfigurationList;
			buildConfigurations = (
				1D6DC1C12B0A5035007F8287 /* Debug */,
				1D6DC1C22B0A5035007F8287 /* Release */,
			);
			defaultConfigurationIsVisible = 0;
			defaultConfigurationName = Release;
		};
		1D6DC1C32B0A5035007F8287 /* Build configuration list for PBXNativeTarget "DSA_Algorithms" */ = {
			isa = XCConfigurationList;
			buildConfigurations = (
				1D6DC1C42B0A5035007F8287 /* Debug */,
				1D6DC1C52B0A5035007F8287 /* Release */,
			);
			defaultConfigurationIsVisible = 0;
			defaultConfigurationName = Release;
		};
		1D6DC1C62B0A5035007F8287 /* Build configuration list for PBXNativeTarget "DSA_AlgorithmsTests" */ = {
			isa = XCConfigurationList;
			buildConfigurations = (
				1D6DC1C72B0A5035007F8287 /* Debug */,
				1D6DC1C82B0A5035007F8287 /* Release */,
			);
			defaultConfigurationIsVisible = 0;
			defaultConfigurationName = Release;
		};
		1D6DC1C92B0A5035007F8287 /* Build configuration list for PBXNativeTarget "DSA_AlgorithmsUITests" */ = {
			isa = XCConfigurationList;
			buildConfigurations = (
				1D6DC1CA2B0A5035007F8287 /* Debug */,
				1D6DC1CB2B0A5035007F8287 /* Release */,
			);
			defaultConfigurationIsVisible = 0;
			defaultConfigurationName = Release;
		};
/* End XCConfigurationList section */
	};
	rootObject = 1D6DC1912B0A5032007F8287 /* Project object */;
}
